
Microsoft Visual Studio Solution File, Format Version 12.00
# Visual Studio Version 16
VisualStudioVersion = 16.0.31624.102
MinimumVisualStudioVersion = 10.0.40219.1
Project("{FAE04EC0-301F-11D3-BF4B-00C04F79EFBC}") = "LogicalFunctionsCalculator", "LogicalFunctionsCalculator.csproj", "{CFDD95FC-2589-4302-BEA9-71EFE4A5403B}"
EndProject
Global
	GlobalSection(SolutionConfigurationPlatforms) = preSolution
		Debug|Any CPU = Debug|Any CPU
		Release|Any CPU = Release|Any CPU
	EndGlobalSection
	GlobalSection(ProjectConfigurationPlatforms) = postSolution
		{CFDD95FC-2589-4302-BEA9-71EFE4A5403B}.Debug|Any CPU.ActiveCfg = Debug|Any CPU
		{CFDD95FC-2589-4302-BEA9-71EFE4A5403B}.Debug|Any CPU.Build.0 = Debug|Any CPU
		{CFDD95FC-2589-4302-BEA9-71EFE4A5403B}.Release|Any CPU.ActiveCfg = Release|Any CPU
		{CFDD95FC-2589-4302-BEA9-71EFE4A5403B}.Release|Any CPU.Build.0 = Release|Any CPU
	EndGlobalSection
	GlobalSection(SolutionProperties) = preSolution
		HideSolutionNode = FALSE
	EndGlobalSection
	GlobalSection(ExtensibilityGlobals) = postSolution
		SolutionGuid = {E3557063-A500-42E4-90C7-C282F59306A5}
	EndGlobalSection
EndGlobal
